
Microsoft Visual Studio Solution File, Format Version 12.00
# Visual Studio Version 17
VisualStudioVersion = 17.9.34607.119
MinimumVisualStudioVersion = 10.0.40219.1
Project("{2150E333-8FDC-42A3-9474-1A3956D46DE8}") = "src", "src", "{29CE1FB1-F7F8-44B3-8C6A-4C62E9E9D658}"
EndProject
Project("{FAE04EC0-301F-11D3-BF4B-00C04F79EFBC}") = "CashflowGame.Web", "CashflowGame.Web\CashflowGame.Web.csproj", "{3409C028-CC88-4553-A5C1-937ACC5302C1}"
EndProject
Global
	GlobalSection(SolutionConfigurationPlatforms) = preSolution
		Debug|Any CPU = Debug|Any CPU
		Release|Any CPU = Release|Any CPU
	EndGlobalSection
	GlobalSection(ProjectConfigurationPlatforms) = postSolution
		{3409C028-CC88-4553-A5C1-937ACC5302C1}.Debug|Any CPU.ActiveCfg = Debug|Any CPU
		{3409C028-CC88-4553-A5C1-937ACC5302C1}.Debug|Any CPU.Build.0 = Debug|Any CPU
		{3409C028-CC88-4553-A5C1-937ACC5302C1}.Release|Any CPU.ActiveCfg = Release|Any CPU
		{3409C028-CC88-4553-A5C1-937ACC5302C1}.Release|Any CPU.Build.0 = Release|Any CPU
	EndGlobalSection
	GlobalSection(SolutionProperties) = preSolution
		HideSolutionNode = FALSE
	EndGlobalSection
	GlobalSection(NestedProjects) = preSolution
		{3409C028-CC88-4553-A5C1-937ACC5302C1} = {29CE1FB1-F7F8-44B3-8C6A-4C62E9E9D658}
	EndGlobalSection
	GlobalSection(ExtensibilityGlobals) = postSolution
		SolutionGuid = {B5835AAB-3EE4-40F9-98F6-DC585617B2B5}
	EndGlobalSection
EndGlobal
